// !$*UTF8*$!
{
	archiveVersion = 1;
	classes = {
	};
	objectVersion = 55;
	objects = {

/* Begin PBXBuildFile section */
		8479253627F4552B00665C29 /* AppDelegate.swift in Sources */ = {isa = PBXBuildFile; fileRef = 8479253527F4552B00665C29 /* AppDelegate.swift */; };
		8479253827F4552B00665C29 /* SceneDelegate.swift in Sources */ = {isa = PBXBuildFile; fileRef = 8479253727F4552B00665C29 /* SceneDelegate.swift */; };
		8479253A27F4552B00665C29 /* HomeViewController.swift in Sources */ = {isa = PBXBuildFile; fileRef = 8479253927F4552B00665C29 /* HomeViewController.swift */; };
		8479253F27F4552C00665C29 /* Assets.xcassets in Resources */ = {isa = PBXBuildFile; fileRef = 8479253E27F4552C00665C29 /* Assets.xcassets */; };
		8479254227F4552C00665C29 /* LaunchScreen.storyboard in Resources */ = {isa = PBXBuildFile; fileRef = 8479254027F4552C00665C29 /* LaunchScreen.storyboard */; };
		8479254D27F4552C00665C29 /* DemoShowButtonTests.swift in Sources */ = {isa = PBXBuildFile; fileRef = 8479254C27F4552C00665C29 /* DemoShowButtonTests.swift */; };
		8479255727F4552C00665C29 /* DemoShowButtonUITests.swift in Sources */ = {isa = PBXBuildFile; fileRef = 8479255627F4552C00665C29 /* DemoShowButtonUITests.swift */; };
		8479255927F4552C00665C29 /* DemoShowButtonUITestsLaunchTests.swift in Sources */ = {isa = PBXBuildFile; fileRef = 8479255827F4552C00665C29 /* DemoShowButtonUITestsLaunchTests.swift */; };
/* End PBXBuildFile section */

/* Begin PBXContainerItemProxy section */
		8479254927F4552C00665C29 /* PBXContainerItemProxy */ = {
			isa = PBXContainerItemProxy;
			containerPortal = 8479252A27F4552B00665C29 /* Project object */;
			proxyType = 1;
			remoteGlobalIDString = 8479253127F4552B00665C29;
			remoteInfo = DemoShowButton;
		};
		8479255327F4552C00665C29 /* PBXContainerItemProxy */ = {
			isa = PBXContainerItemProxy;
			containerPortal = 8479252A27F4552B00665C29 /* Project object */;
			proxyType = 1;
			remoteGlobalIDString = 8479253127F4552B00665C29;
			remoteInfo = DemoShowButton;
		};
/* End PBXContainerItemProxy section */

/* Begin PBXFileReference section */
		8479253227F4552B00665C29 /* DemoShowButton.app */ = {isa = PBXFileReference; explicitFileType = wrapper.application; includeInIndex = 0; path = DemoShowButton.app; sourceTree = BUILT_PRODUCTS_DIR; };
		8479253527F4552B00665C29 /* AppDelegate.swift */ = {isa = PBXFileReference; lastKnownFileType = sourcecode.swift; path = AppDelegate.swift; sourceTree = "<group>"; };
		8479253727F4552B00665C29 /* SceneDelegate.swift */ = {isa = PBXFileReference; lastKnownFileType = sourcecode.swift; path = SceneDelegate.swift; sourceTree = "<group>"; };
		8479253927F4552B00665C29 /* HomeViewController.swift */ = {isa = PBXFileReference; lastKnownFileType = sourcecode.swift; path = HomeViewController.swift; sourceTree = "<group>"; };
		8479253E27F4552C00665C29 /* Assets.xcassets */ = {isa = PBXFileReference; lastKnownFileType = folder.assetcatalog; path = Assets.xcassets; sourceTree = "<group>"; };
		8479254127F4552C00665C29 /* Base */ = {isa = PBXFileReference; lastKnownFileType = file.storyboard; name = Base; path = Base.lproj/LaunchScreen.storyboard; sourceTree = "<group>"; };
		8479254327F4552C00665C29 /* Info.plist */ = {isa = PBXFileReference; lastKnownFileType = text.plist.xml; path = Info.plist; sourceTree = "<group>"; };
		8479254827F4552C00665C29 /* DemoShowButtonTests.xctest */ = {isa = PBXFileReference; explicitFileType = wrapper.cfbundle; includeInIndex = 0; path = DemoShowButtonTests.xctest; sourceTree = BUILT_PRODUCTS_DIR; };
		8479254C27F4552C00665C29 /* DemoShowButtonTests.swift */ = {isa = PBXFileReference; lastKnownFileType = sourcecode.swift; path = DemoShowButtonTests.swift; sourceTree = "<group>"; };
		8479255227F4552C00665C29 /* DemoShowButtonUITests.xctest */ = {isa = PBXFileReference; explicitFileType = wrapper.cfbundle; includeInIndex = 0; path = DemoShowButtonUITests.xctest; sourceTree = BUILT_PRODUCTS_DIR; };
		8479255627F4552C00665C29 /* DemoShowButtonUITests.swift */ = {isa = PBXFileReference; lastKnownFileType = sourcecode.swift; path = DemoShowButtonUITests.swift; sourceTree = "<group>"; };
		8479255827F4552C00665C29 /* DemoShowButtonUITestsLaunchTests.swift */ = {isa = PBXFileReference; lastKnownFileType = sourcecode.swift; path = DemoShowButtonUITestsLaunchTests.swift; sourceTree = "<group>"; };
/* End PBXFileReference section */

/* Begin PBXFrameworksBuildPhase section */
		8479252F27F4552B00665C29 /* Frameworks */ = {
			isa = PBXFrameworksBuildPhase;
			buildActionMask = 2147483647;
			files = (
			);
			runOnlyForDeploymentPostprocessing = 0;
		};
		8479254527F4552C00665C29 /* Frameworks */ = {
			isa = PBXFrameworksBuildPhase;
			buildActionMask = 2147483647;
			files = (
			);
			runOnlyForDeploymentPostprocessing = 0;
		};
		8479254F27F4552C00665C29 /* Frameworks */ = {
			isa = PBXFrameworksBuildPhase;
			buildActionMask = 2147483647;
			files = (
			);
			runOnlyForDeploymentPostprocessing = 0;
		};
/* End PBXFrameworksBuildPhase section */

/* Begin PBXGroup section */
		8479252927F4552B00665C29 = {
			isa = PBXGroup;
			children = (
				8479253427F4552B00665C29 /* DemoShowButton */,
				8479254B27F4552C00665C29 /* DemoShowButtonTests */,
				8479255527F4552C00665C29 /* DemoShowButtonUITests */,
				8479253327F4552B00665C29 /* Products */,
			);
			sourceTree = "<group>";
		};
		8479253327F4552B00665C29 /* Products */ = {
			isa = PBXGroup;
			children = (
				8479253227F4552B00665C29 /* DemoShowButton.app */,
				8479254827F4552C00665C29 /* DemoShowButtonTests.xctest */,
				8479255227F4552C00665C29 /* DemoShowButtonUITests.xctest */,
			);
			name = Products;
			sourceTree = "<group>";
		};
		8479253427F4552B00665C29 /* DemoShowButton */ = {
			isa = PBXGroup;
			children = (
				8479253527F4552B00665C29 /* AppDelegate.swift */,
				8479253727F4552B00665C29 /* SceneDelegate.swift */,
				8479253927F4552B00665C29 /* HomeViewController.swift */,
				8479253E27F4552C00665C29 /* Assets.xcassets */,
				8479254027F4552C00665C29 /* LaunchScreen.storyboard */,
				8479254327F4552C00665C29 /* Info.plist */,
			);
			path = DemoShowButton;
			sourceTree = "<group>";
		};
		8479254B27F4552C00665C29 /* DemoShowButtonTests */ = {
			isa = PBXGroup;
			children = (
				8479254C27F4552C00665C29 /* DemoShowButtonTests.swift */,
			);
			path = DemoShowButtonTests;
			sourceTree = "<group>";
		};
		8479255527F4552C00665C29 /* DemoShowButtonUITests */ = {
			isa = PBXGroup;
			children = (
				8479255627F4552C00665C29 /* DemoShowButtonUITests.swift */,
				8479255827F4552C00665C29 /* DemoShowButtonUITestsLaunchTests.swift */,
			);
			path = DemoShowButtonUITests;
			sourceTree = "<group>";
		};
/* End PBXGroup section */

/* Begin PBXNativeTarget section */
		8479253127F4552B00665C29 /* DemoShowButton */ = {
			isa = PBXNativeTarget;
			buildConfigurationList = 8479255C27F4552C00665C29 /* Build configuration list for PBXNativeTarget "DemoShowButton" */;
			buildPhases = (
				8479252E27F4552B00665C29 /* Sources */,
				8479252F27F4552B00665C29 /* Frameworks */,
				8479253027F4552B00665C29 /* Resources */,
			);
			buildRules = (
			);
			dependencies = (
			);
			name = DemoShowButton;
			productName = DemoShowButton;
			productReference = 8479253227F4552B00665C29 /* DemoShowButton.app */;
			productType = "com.apple.product-type.application";
		};
		8479254727F4552C00665C29 /* DemoShowButtonTests */ = {
			isa = PBXNativeTarget;
			buildConfigurationList = 8479255F27F4552C00665C29 /* Build configuration list for PBXNativeTarget "DemoShowButtonTests" */;
			buildPhases = (
				8479254427F4552C00665C29 /* Sources */,
				8479254527F4552C00665C29 /* Frameworks */,
				8479254627F4552C00665C29 /* Resources */,
			);
			buildRules = (
			);
			dependencies = (
				8479254A27F4552C00665C29 /* PBXTargetDependency */,
			);
			name = DemoShowButtonTests;
			productName = DemoShowButtonTests;
			productReference = 8479254827F4552C00665C29 /* DemoShowButtonTests.xctest */;
			productType = "com.apple.product-type.bundle.unit-test";
		};
		8479255127F4552C00665C29 /* DemoShowButtonUITests */ = {
			isa = PBXNativeTarget;
			buildConfigurationList = 8479256227F4552C00665C29 /* Build configuration list for PBXNativeTarget "DemoShowButtonUITests" */;
			buildPhases = (
				8479254E27F4552C00665C29 /* Sources */,
				8479254F27F4552C00665C29 /* Frameworks */,
				8479255027F4552C00665C29 /* Resources */,
			);
			buildRules = (
			);
			dependencies = (
				8479255427F4552C00665C29 /* PBXTargetDependency */,
			);
			name = DemoShowButtonUITests;
			productName = DemoShowButtonUITests;
			productReference = 8479255227F4552C00665C29 /* DemoShowButtonUITests.xctest */;
			productType = "com.apple.product-type.bundle.ui-testing";
		};
/* End PBXNativeTarget section */

/* Begin PBXProject section */
		8479252A27F4552B00665C29 /* Project object */ = {
			isa = PBXProject;
			attributes = {
				BuildIndependentTargetsInParallel = 1;
				LastSwiftUpdateCheck = 1320;
				LastUpgradeCheck = 1320;
				TargetAttributes = {
					8479253127F4552B00665C29 = {
						CreatedOnToolsVersion = 13.2.1;
					};
					8479254727F4552C00665C29 = {
						CreatedOnToolsVersion = 13.2.1;
						TestTargetID = 8479253127F4552B00665C29;
					};
					8479255127F4552C00665C29 = {
						CreatedOnToolsVersion = 13.2.1;
						TestTargetID = 8479253127F4552B00665C29;
					};
				};
			};
			buildConfigurationList = 8479252D27F4552B00665C29 /* Build configuration list for PBXProject "DemoShowButton" */;
			compatibilityVersion = "Xcode 13.0";
			developmentRegion = en;
			hasScannedForEncodings = 0;
			knownRegions = (
				en,
				Base,
			);
			mainGroup = 8479252927F4552B00665C29;
			productRefGroup = 8479253327F4552B00665C29 /* Products */;
			projectDirPath = "";
			projectRoot = "";
			targets = (
				8479253127F4552B00665C29 /* DemoShowButton */,
				8479254727F4552C00665C29 /* DemoShowButtonTests */,
				8479255127F4552C00665C29 /* DemoShowButtonUITests */,
			);
		};
/* End PBXProject section */

/* Begin PBXResourcesBuildPhase section */
		8479253027F4552B00665C29 /* Resources */ = {
			isa = PBXResourcesBuildPhase;
			buildActionMask = 2147483647;
			files = (
				8479254227F4552C00665C29 /* LaunchScreen.storyboard in Resources */,
				8479253F27F4552C00665C29 /* Assets.xcassets in Resources */,
			);
			runOnlyForDeploymentPostprocessing = 0;
		};
		8479254627F4552C00665C29 /* Resources */ = {
			isa = PBXResourcesBuildPhase;
			buildActionMask = 2147483647;
			files = (
			);
			runOnlyForDeploymentPostprocessing = 0;
		};
		8479255027F4552C00665C29 /* Resources */ = {
			isa = PBXResourcesBuildPhase;
			buildActionMask = 2147483647;
			files = (
			);
			runOnlyForDeploymentPostprocessing = 0;
		};
/* End PBXResourcesBuildPhase section */

/* Begin PBXSourcesBuildPhase section */
		8479252E27F4552B00665C29 /* Sources */ = {
			isa = PBXSourcesBuildPhase;
			buildActionMask = 2147483647;
			files = (
				8479253A27F4552B00665C29 /* HomeViewController.swift in Sources */,
				8479253627F4552B00665C29 /* AppDelegate.swift in Sources */,
				8479253827F4552B00665C29 /* SceneDelegate.swift in Sources */,
			);
			runOnlyForDeploymentPostprocessing = 0;
		};
		8479254427F4552C00665C29 /* Sources */ = {
			isa = PBXSourcesBuildPhase;
			buildActionMask = 2147483647;
			files = (
				8479254D27F4552C00665C29 /* DemoShowButtonTests.swift in Sources */,
			);
			runOnlyForDeploymentPostprocessing = 0;
		};
		8479254E27F4552C00665C29 /* Sources */ = {
			isa = PBXSourcesBuildPhase;
			buildActionMask = 2147483647;
			files = (
				8479255927F4552C00665C29 /* DemoShowButtonUITestsLaunchTests.swift in Sources */,
				8479255727F4552C00665C29 /* DemoShowButtonUITests.swift in Sources */,
			);
			runOnlyForDeploymentPostprocessing = 0;
		};
/* End PBXSourcesBuildPhase section */

/* Begin PBXTargetDependency section */
		8479254A27F4552C00665C29 /* PBXTargetDependency */ = {
			isa = PBXTargetDependency;
			target = 8479253127F4552B00665C29 /* DemoShowButton */;
			targetProxy = 8479254927F4552C00665C29 /* PBXContainerItemProxy */;
		};
		8479255427F4552C00665C29 /* PBXTargetDependency */ = {
			isa = PBXTargetDependency;
			target = 8479253127F4552B00665C29 /* DemoShowButton */;
			targetProxy = 8479255327F4552C00665C29 /* PBXContainerItemProxy */;
		};
/* End PBXTargetDependency section */

/* Begin PBXVariantGroup section */
		8479254027F4552C00665C29 /* LaunchScreen.storyboard */ = {
			isa = PBXVariantGroup;
			children = (
				8479254127F4552C00665C29 /* Base */,
			);
			name = LaunchScreen.storyboard;
			sourceTree = "<group>";
		};
/* End PBXVariantGroup section */

/* Begin XCBuildConfiguration section */
		8479255A27F4552C00665C29 /* Debug */ = {
			isa = XCBuildConfiguration;
			buildSettings = {
				ALWAYS_SEARCH_USER_PATHS = NO;
				CLANG_ANALYZER_NONNULL = YES;
				CLANG_ANALYZER_NUMBER_OBJECT_CONVERSION = YES_AGGRESSIVE;
				CLANG_CXX_LANGUAGE_STANDARD = "gnu++17";
				CLANG_CXX_LIBRARY = "libc++";
				CLANG_ENABLE_MODULES = YES;
				CLANG_ENABLE_OBJC_ARC = YES;
				CLANG_ENABLE_OBJC_WEAK = YES;
				CLANG_WARN_BLOCK_CAPTURE_AUTORELEASING = YES;
				CLANG_WARN_BOOL_CONVERSION = YES;
				CLANG_WARN_COMMA = YES;
				CLANG_WARN_CONSTANT_CONVERSION = YES;
				CLANG_WARN_DEPRECATED_OBJC_IMPLEMENTATIONS = YES;
				CLANG_WARN_DIRECT_OBJC_ISA_USAGE = YES_ERROR;
				CLANG_WARN_DOCUMENTATION_COMMENTS = YES;
				CLANG_WARN_EMPTY_BODY = YES;
				CLANG_WARN_ENUM_CONVERSION = YES;
				CLANG_WARN_INFINITE_RECURSION = YES;
				CLANG_WARN_INT_CONVERSION = YES;
				CLANG_WARN_NON_LITERAL_NULL_CONVERSION = YES;
				CLANG_WARN_OBJC_IMPLICIT_RETAIN_SELF = YES;
				CLANG_WARN_OBJC_LITERAL_CONVERSION = YES;
				CLANG_WARN_OBJC_ROOT_CLASS = YES_ERROR;
				CLANG_WARN_QUOTED_INCLUDE_IN_FRAMEWORK_HEADER = YES;
				CLANG_WARN_RANGE_LOOP_ANALYSIS = YES;
				CLANG_WARN_STRICT_PROTOTYPES = YES;
				CLANG_WARN_SUSPICIOUS_MOVE = YES;
				CLANG_WARN_UNGUARDED_AVAILABILITY = YES_AGGRESSIVE;
				CLANG_WARN_UNREACHABLE_CODE = YES;
				CLANG_WARN__DUPLICATE_METHOD_MATCH = YES;
				COPY_PHASE_STRIP = NO;
				DEBUG_INFORMATION_FORMAT = dwarf;
				ENABLE_STRICT_OBJC_MSGSEND = YES;
				ENABLE_TESTABILITY = YES;
				GCC_C_LANGUAGE_STANDARD = gnu11;
				GCC_DYNAMIC_NO_PIC = NO;
				GCC_NO_COMMON_BLOCKS = YES;
				GCC_OPTIMIZATION_LEVEL = 0;
				GCC_PREPROCESSOR_DEFINITIONS = (
					"DEBUG=1",
					"$(inherited)",
				);
				GCC_WARN_64_TO_32_BIT_CONVERSION = YES;
				GCC_WARN_ABOUT_RETURN_TYPE = YES_ERROR;
				GCC_WARN_UNDECLARED_SELECTOR = YES;
				GCC_WARN_UNINITIALIZED_AUTOS = YES_AGGRESSIVE;
				GCC_WARN_UNUSED_FUNCTION = YES;
				GCC_WARN_UNUSED_VARIABLE = YES;
				IPHONEOS_DEPLOYMENT_TARGET = 15.2;
				MTL_ENABLE_DEBUG_INFO = INCLUDE_SOURCE;
				MTL_FAST_MATH = YES;
				ONLY_ACTIVE_ARCH = YES;
				SDKROOT = iphoneos;
				SWIFT_ACTIVE_COMPILATION_CONDITIONS = DEBUG;
				SWIFT_OPTIMIZATION_LEVEL = "-Onone";
			};
			name = Debug;
		};
		8479255B27F4552C00665C29 /* Release */ = {
			isa = XCBuildConfiguration;
			buildSettings = {
				ALWAYS_SEARCH_USER_PATHS = NO;
				CLANG_ANALYZER_NONNULL = YES;
				CLANG_ANALYZER_NUMBER_OBJECT_CONVERSION = YES_AGGRESSIVE;
				CLANG_CXX_LANGUAGE_STANDARD = "gnu++17";
				CLANG_CXX_LIBRARY = "libc++";
				CLANG_ENABLE_MODULES = YES;
				CLANG_ENABLE_OBJC_ARC = YES;
				CLANG_ENABLE_OBJC_WEAK = YES;
				CLANG_WARN_BLOCK_CAPTURE_AUTORELEASING = YES;
				CLANG_WARN_BOOL_CONVERSION = YES;
				CLANG_WARN_COMMA = YES;
				CLANG_WARN_CONSTANT_CONVERSION = YES;
				CLANG_WARN_DEPRECATED_OBJC_IMPLEMENTATIONS = YES;
				CLANG_WARN_DIRECT_OBJC_ISA_USAGE = YES_ERROR;
				CLANG_WARN_DOCUMENTATION_COMMENTS = YES;
				CLANG_WARN_EMPTY_BODY = YES;
				CLANG_WARN_ENUM_CONVERSION = YES;
				CLANG_WARN_INFINITE_RECURSION = YES;
				CLANG_WARN_INT_CONVERSION = YES;
				CLANG_WARN_NON_LITERAL_NULL_CONVERSION = YES;
				CLANG_WARN_OBJC_IMPLICIT_RETAIN_SELF = YES;
				CLANG_WARN_OBJC_LITERAL_CONVERSION = YES;
				CLANG_WARN_OBJC_ROOT_CLASS = YES_ERROR;
				CLANG_WARN_QUOTED_INCLUDE_IN_FRAMEWORK_HEADER = YES;
				CLANG_WARN_RANGE_LOOP_ANALYSIS = YES;
				CLANG_WARN_STRICT_PROTOTYPES = YES;
				CLANG_WARN_SUSPICIOUS_MOVE = YES;
				CLANG_WARN_UNGUARDED_AVAILABILITY = YES_AGGRESSIVE;
				CLANG_WARN_UNREACHABLE_CODE = YES;
				CLANG_WARN__DUPLICATE_METHOD_MATCH = YES;
				COPY_PHASE_STRIP = NO;
				DEBUG_INFORMATION_FORMAT = "dwarf-with-dsym";
				ENABLE_NS_ASSERTIONS = NO;
				ENABLE_STRICT_OBJC_MSGSEND = YES;
				GCC_C_LANGUAGE_STANDARD = gnu11;
				GCC_NO_COMMON_BLOCKS = YES;
				GCC_WARN_64_TO_32_BIT_CONVERSION = YES;
				GCC_WARN_ABOUT_RETURN_TYPE = YES_ERROR;
				GCC_WARN_UNDECLARED_SELECTOR = YES;
				GCC_WARN_UNINITIALIZED_AUTOS = YES_AGGRESSIVE;
				GCC_WARN_UNUSED_FUNCTION = YES;
				GCC_WARN_UNUSED_VARIABLE = YES;
				IPHONEOS_DEPLOYMENT_TARGET = 15.2;
				MTL_ENABLE_DEBUG_INFO = NO;
				MTL_FAST_MATH = YES;
				SDKROOT = iphoneos;
				SWIFT_COMPILATION_MODE = wholemodule;
				SWIFT_OPTIMIZATION_LEVEL = "-O";
				VALIDATE_PRODUCT = YES;
			};
			name = Release;
		};
		8479255D27F4552C00665C29 /* Debug */ = {
			isa = XCBuildConfiguration;
			buildSettings = {
				ASSETCATALOG_COMPILER_APPICON_NAME = AppIcon;
				ASSETCATALOG_COMPILER_GLOBAL_ACCENT_COLOR_NAME = AccentColor;
				CODE_SIGN_STYLE = Automatic;
				CURRENT_PROJECT_VERSION = 1;
				GENERATE_INFOPLIST_FILE = YES;
				INFOPLIST_FILE = DemoShowButton/Info.plist;
				INFOPLIST_KEY_UIApplicationSupportsIndirectInputEvents = YES;
				INFOPLIST_KEY_UILaunchStoryboardName = LaunchScreen;
				INFOPLIST_KEY_UIMainStoryboardFile = LaunchScreen;
				INFOPLIST_KEY_UISupportedInterfaceOrientations_iPad = "UIInterfaceOrientationPortrait UIInterfaceOrientationPortraitUpsideDown UIInterfaceOrientationLandscapeLeft UIInterfaceOrientationLandscapeRight";
				INFOPLIST_KEY_UISupportedInterfaceOrientations_iPhone = "UIInterfaceOrientationPortrait UIInterfaceOrientationLandscapeLeft UIInterfaceOrientationLandscapeRight";
				LD_RUNPATH_SEARCH_PATHS = (
					"$(inherited)",
					"@executable_path/Frameworks",
				);
				MARKETING_VERSION = 1.0;
				PRODUCT_BUNDLE_IDENTIFIER = com.khanhvuong.DemoShowButton;
				PRODUCT_NAME = "$(TARGET_NAME)";
				SWIFT_EMIT_LOC_STRINGS = YES;
				SWIFT_VERSION = 5.0;
				TARGETED_DEVICE_FAMILY = "1,2";
			};
			name = Debug;
		};
		8479255E27F4552C00665C29 /* Release */ = {
			isa = XCBuildConfiguration;
			buildSettings = {
				ASSETCATALOG_COMPILER_APPICON_NAME = AppIcon;
				ASSETCATALOG_COMPILER_GLOBAL_ACCENT_COLOR_NAME = AccentColor;
				CODE_SIGN_STYLE = Automatic;
				CURRENT_PROJECT_VERSION = 1;
				GENERATE_INFOPLIST_FILE = YES;
				INFOPLIST_FILE = DemoShowButton/Info.plist;
				INFOPLIST_KEY_UIApplicationSupportsIndirectInputEvents = YES;
				INFOPLIST_KEY_UILaunchStoryboardName = LaunchScreen;
				INFOPLIST_KEY_UIMainStoryboardFile = LaunchScreen;
				INFOPLIST_KEY_UISupportedInterfaceOrientations_iPad = "UIInterfaceOrientationPortrait UIInterfaceOrientationPortraitUpsideDown UIInterfaceOrientationLandscapeLeft UIInterfaceOrientationLandscapeRight";
				INFOPLIST_KEY_UISupportedInterfaceOrientations_iPhone = "UIInterfaceOrientationPortrait UIInterfaceOrientationLandscapeLeft UIInterfaceOrientationLandscapeRight";
				LD_RUNPATH_SEARCH_PATHS = (
					"$(inherited)",
					"@executable_path/Frameworks",
				);
				MARKETING_VERSION = 1.0;
				PRODUCT_BUNDLE_IDENTIFIER = com.khanhvuong.DemoShowButton;
				PRODUCT_NAME = "$(TARGET_NAME)";
				SWIFT_EMIT_LOC_STRINGS = YES;
				SWIFT_VERSION = 5.0;
				TARGETED_DEVICE_FAMILY = "1,2";
			};
			name = Release;
		};
		8479256027F4552C00665C29 /* Debug */ = {
			isa = XCBuildConfiguration;
			buildSettings = {
				ALWAYS_EMBED_SWIFT_STANDARD_LIBRARIES = YES;
				BUNDLE_LOADER = "$(TEST_HOST)";
				CODE_SIGN_STYLE = Automatic;
				CURRENT_PROJECT_VERSION = 1;
				GENERATE_INFOPLIST_FILE = YES;
				IPHONEOS_DEPLOYMENT_TARGET = 15.2;
				MARKETING_VERSION = 1.0;
				PRODUCT_BUNDLE_IDENTIFIER = com.khanhvuong.DemoShowButtonTests;
				PRODUCT_NAME = "$(TARGET_NAME)";
				SWIFT_EMIT_LOC_STRINGS = NO;
				SWIFT_VERSION = 5.0;
				TARGETED_DEVICE_FAMILY = "1,2";
				TEST_HOST = "$(BUILT_PRODUCTS_DIR)/DemoShowButton.app/DemoShowButton";
			};
			name = Debug;
		};
		8479256127F4552C00665C29 /* Release */ = {
			isa = XCBuildConfiguration;
			buildSettings = {
				ALWAYS_EMBED_SWIFT_STANDARD_LIBRARIES = YES;
				BUNDLE_LOADER = "$(TEST_HOST)";
				CODE_SIGN_STYLE = Automatic;
				CURRENT_PROJECT_VERSION = 1;
				GENERATE_INFOPLIST_FILE = YES;
				IPHONEOS_DEPLOYMENT_TARGET = 15.2;
				MARKETING_VERSION = 1.0;
				PRODUCT_BUNDLE_IDENTIFIER = com.khanhvuong.DemoShowButtonTests;
				PRODUCT_NAME = "$(TARGET_NAME)";
				SWIFT_EMIT_LOC_STRINGS = NO;
				SWIFT_VERSION = 5.0;
				TARGETED_DEVICE_FAMILY = "1,2";
				TEST_HOST = "$(BUILT_PRODUCTS_DIR)/DemoShowButton.app/DemoShowButton";
			};
			name = Release;
		};
		8479256327F4552C00665C29 /* Debug */ = {
			isa = XCBuildConfiguration;
			buildSettings = {
				ALWAYS_EMBED_SWIFT_STANDARD_LIBRARIES = YES;
				CODE_SIGN_STYLE = Automatic;
				CURRENT_PROJECT_VERSION = 1;
				GENERATE_INFOPLIST_FILE = YES;
				MARKETING_VERSION = 1.0;
				PRODUCT_BUNDLE_IDENTIFIER = com.khanhvuong.DemoShowButtonUITests;
				PRODUCT_NAME = "$(TARGET_NAME)";
				SWIFT_EMIT_LOC_STRINGS = NO;
				SWIFT_VERSION = 5.0;
				TARGETED_DEVICE_FAMILY = "1,2";
				TEST_TARGET_NAME = DemoShowButton;
			};
			name = Debug;
		};
		8479256427F4552C00665C29 /* Release */ = {
			isa = XCBuildConfiguration;
			buildSettings = {
				ALWAYS_EMBED_SWIFT_STANDARD_LIBRARIES = YES;
				CODE_SIGN_STYLE = Automatic;
				CURRENT_PROJECT_VERSION = 1;
				GENERATE_INFOPLIST_FILE = YES;
				MARKETING_VERSION = 1.0;
				PRODUCT_BUNDLE_IDENTIFIER = com.khanhvuong.DemoShowButtonUITests;
				PRODUCT_NAME = "$(TARGET_NAME)";
				SWIFT_EMIT_LOC_STRINGS = NO;
				SWIFT_VERSION = 5.0;
				TARGETED_DEVICE_FAMILY = "1,2";
				TEST_TARGET_NAME = DemoShowButton;
			};
			name = Release;
		};
/* End XCBuildConfiguration section */

/* Begin XCConfigurationList section */
		8479252D27F4552B00665C29 /* Build configuration list for PBXProject "DemoShowButton" */ = {
			isa = XCConfigurationList;
			buildConfigurations = (
				8479255A27F4552C00665C29 /* Debug */,
				8479255B27F4552C00665C29 /* Release */,
			);
			defaultConfigurationIsVisible = 0;
			defaultConfigurationName = Release;
		};
		8479255C27F4552C00665C29 /* Build configuration list for PBXNativeTarget "DemoShowButton" */ = {
			isa = XCConfigurationList;
			buildConfigurations = (
				8479255D27F4552C00665C29 /* Debug */,
				8479255E27F4552C00665C29 /* Release */,
			);
			defaultConfigurationIsVisible = 0;
			defaultConfigurationName = Release;
		};
		8479255F27F4552C00665C29 /* Build configuration list for PBXNativeTarget "DemoShowButtonTests" */ = {
			isa = XCConfigurationList;
			buildConfigurations = (
				8479256027F4552C00665C29 /* Debug */,
				8479256127F4552C00665C29 /* Release */,
			);
			defaultConfigurationIsVisible = 0;
			defaultConfigurationName = Release;
		};
		8479256227F4552C00665C29 /* Build configuration list for PBXNativeTarget "DemoShowButtonUITests" */ = {
			isa = XCConfigurationList;
			buildConfigurations = (
				8479256327F4552C00665C29 /* Debug */,
				8479256427F4552C00665C29 /* Release */,
			);
			defaultConfigurationIsVisible = 0;
			defaultConfigurationName = Release;
		};
/* End XCConfigurationList section */
	};
	rootObject = 8479252A27F4552B00665C29 /* Project object */;
}
